
Microsoft Visual Studio Solution File, Format Version 12.00
# Visual Studio Version 17
VisualStudioVersion = 17.4.33110.190
MinimumVisualStudioVersion = 10.0.40219.1
Project("{9A19103F-16F7-4668-BE54-9A1E7A4F7556}") = "Console", "Console\Console.csproj", "{DA863B7D-8EA1-4C28-836E-F4D37A9F520E}"
EndProject
Project("{9A19103F-16F7-4668-BE54-9A1E7A4F7556}") = "Operations", "Operations\Operations.csproj", "{EEF854FA-503D-4960-B63B-B6C624230D05}"
EndProject
Project("{9A19103F-16F7-4668-BE54-9A1E7A4F7556}") = "TypeConversions", "TypeConversions\TypeConversions.csproj", "{C96D43A6-9EF2-413E-BCCA-5246B0621D06}"
EndProject
Project("{9A19103F-16F7-4668-BE54-9A1E7A4F7556}") = "TryCatchFinally", "TryCatchFinally\TryCatchFinally.csproj", "{5C405478-1292-4C88-AB40-33D35FA9279F}"
EndProject
Project("{9A19103F-16F7-4668-BE54-9A1E7A4F7556}") = "IfElse", "IfElse\IfElse.csproj", "{9DC67C43-29A1-479D-AAC0-C6022F0A4CD2}"
EndProject
Project("{9A19103F-16F7-4668-BE54-9A1E7A4F7556}") = "SwitchCase", "SwitchCase\SwitchCase.csproj", "{E9F8C632-3662-40B8-8A03-D6DDD65FA8B9}"
EndProject
Project("{9A19103F-16F7-4668-BE54-9A1E7A4F7556}") = "For", "For\For.csproj", "{05885E63-5E16-4083-969B-10EEE3E1CD3F}"
EndProject
Project("{9A19103F-16F7-4668-BE54-9A1E7A4F7556}") = "While-ForEach", "While-ForEach\While-ForEach.csproj", "{EC3AFDCE-3B49-431C-9DEC-3BD097592BE7}"
EndProject
Project("{9A19103F-16F7-4668-BE54-9A1E7A4F7556}") = "Arrays", "Arrays\Arrays.csproj", "{580EA478-CF6A-4B37-AB99-D167C4C775A2}"
EndProject
Project("{9A19103F-16F7-4668-BE54-9A1E7A4F7556}") = "Methods", "Methods\Methods.csproj", "{8774705A-D3A3-4042-B2DF-8B332557C85C}"
EndProject
Project("{9A19103F-16F7-4668-BE54-9A1E7A4F7556}") = "Homework", "Homework\Homework.csproj", "{5F48D82F-8A2C-494D-90B9-A6D20DB355E7}"
EndProject
Project("{9A19103F-16F7-4668-BE54-9A1E7A4F7556}") = "StringMethods", "StringMethods\StringMethods.csproj", "{8E71D9A4-83E7-48D0-B2BC-61DB49ED9798}"
EndProject
Project("{9A19103F-16F7-4668-BE54-9A1E7A4F7556}") = "DateTime-Math Library", "DateTime-Math Library\DateTime-Math Library.csproj", "{90AE3199-B9A4-405F-A0EF-C5358D1D82C8}"
EndProject
Project("{FAE04EC0-301F-11D3-BF4B-00C04F79EFBC}") = "GenericList", "GenericList\GenericList.csproj", "{6F20256F-CFAD-4760-9FA8-E5ECC5286BEA}"
EndProject
Global
	GlobalSection(SolutionConfigurationPlatforms) = preSolution
		Debug|Any CPU = Debug|Any CPU
		Release|Any CPU = Release|Any CPU
	EndGlobalSection
	GlobalSection(ProjectConfigurationPlatforms) = postSolution
		{DA863B7D-8EA1-4C28-836E-F4D37A9F520E}.Debug|Any CPU.ActiveCfg = Debug|Any CPU
		{DA863B7D-8EA1-4C28-836E-F4D37A9F520E}.Debug|Any CPU.Build.0 = Debug|Any CPU
		{DA863B7D-8EA1-4C28-836E-F4D37A9F520E}.Release|Any CPU.ActiveCfg = Release|Any CPU
		{DA863B7D-8EA1-4C28-836E-F4D37A9F520E}.Release|Any CPU.Build.0 = Release|Any CPU
		{EEF854FA-503D-4960-B63B-B6C624230D05}.Debug|Any CPU.ActiveCfg = Debug|Any CPU
		{EEF854FA-503D-4960-B63B-B6C624230D05}.Debug|Any CPU.Build.0 = Debug|Any CPU
		{EEF854FA-503D-4960-B63B-B6C624230D05}.Release|Any CPU.ActiveCfg = Release|Any CPU
		{EEF854FA-503D-4960-B63B-B6C624230D05}.Release|Any CPU.Build.0 = Release|Any CPU
		{C96D43A6-9EF2-413E-BCCA-5246B0621D06}.Debug|Any CPU.ActiveCfg = Debug|Any CPU
		{C96D43A6-9EF2-413E-BCCA-5246B0621D06}.Debug|Any CPU.Build.0 = Debug|Any CPU
		{C96D43A6-9EF2-413E-BCCA-5246B0621D06}.Release|Any CPU.ActiveCfg = Release|Any CPU
		{C96D43A6-9EF2-413E-BCCA-5246B0621D06}.Release|Any CPU.Build.0 = Release|Any CPU
		{5C405478-1292-4C88-AB40-33D35FA9279F}.Debug|Any CPU.ActiveCfg = Debug|Any CPU
		{5C405478-1292-4C88-AB40-33D35FA9279F}.Debug|Any CPU.Build.0 = Debug|Any CPU
		{5C405478-1292-4C88-AB40-33D35FA9279F}.Release|Any CPU.ActiveCfg = Release|Any CPU
		{5C405478-1292-4C88-AB40-33D35FA9279F}.Release|Any CPU.Build.0 = Release|Any CPU
		{9DC67C43-29A1-479D-AAC0-C6022F0A4CD2}.Debug|Any CPU.ActiveCfg = Debug|Any CPU
		{9DC67C43-29A1-479D-AAC0-C6022F0A4CD2}.Debug|Any CPU.Build.0 = Debug|Any CPU
		{9DC67C43-29A1-479D-AAC0-C6022F0A4CD2}.Release|Any CPU.ActiveCfg = Release|Any CPU
		{9DC67C43-29A1-479D-AAC0-C6022F0A4CD2}.Release|Any CPU.Build.0 = Release|Any CPU
		{E9F8C632-3662-40B8-8A03-D6DDD65FA8B9}.Debug|Any CPU.ActiveCfg = Debug|Any CPU
		{E9F8C632-3662-40B8-8A03-D6DDD65FA8B9}.Debug|Any CPU.Build.0 = Debug|Any CPU
		{E9F8C632-3662-40B8-8A03-D6DDD65FA8B9}.Release|Any CPU.ActiveCfg = Release|Any CPU
		{E9F8C632-3662-40B8-8A03-D6DDD65FA8B9}.Release|Any CPU.Build.0 = Release|Any CPU
		{05885E63-5E16-4083-969B-10EEE3E1CD3F}.Debug|Any CPU.ActiveCfg = Debug|Any CPU
		{05885E63-5E16-4083-969B-10EEE3E1CD3F}.Debug|Any CPU.Build.0 = Debug|Any CPU
		{05885E63-5E16-4083-969B-10EEE3E1CD3F}.Release|Any CPU.ActiveCfg = Release|Any CPU
		{05885E63-5E16-4083-969B-10EEE3E1CD3F}.Release|Any CPU.Build.0 = Release|Any CPU
		{EC3AFDCE-3B49-431C-9DEC-3BD097592BE7}.Debug|Any CPU.ActiveCfg = Debug|Any CPU
		{EC3AFDCE-3B49-431C-9DEC-3BD097592BE7}.Debug|Any CPU.Build.0 = Debug|Any CPU
		{EC3AFDCE-3B49-431C-9DEC-3BD097592BE7}.Release|Any CPU.ActiveCfg = Release|Any CPU
		{EC3AFDCE-3B49-431C-9DEC-3BD097592BE7}.Release|Any CPU.Build.0 = Release|Any CPU
		{580EA478-CF6A-4B37-AB99-D167C4C775A2}.Debug|Any CPU.ActiveCfg = Debug|Any CPU
		{580EA478-CF6A-4B37-AB99-D167C4C775A2}.Debug|Any CPU.Build.0 = Debug|Any CPU
		{580EA478-CF6A-4B37-AB99-D167C4C775A2}.Release|Any CPU.ActiveCfg = Release|Any CPU
		{580EA478-CF6A-4B37-AB99-D167C4C775A2}.Release|Any CPU.Build.0 = Release|Any CPU
		{8774705A-D3A3-4042-B2DF-8B332557C85C}.Debug|Any CPU.ActiveCfg = Debug|Any CPU
		{8774705A-D3A3-4042-B2DF-8B332557C85C}.Debug|Any CPU.Build.0 = Debug|Any CPU
		{8774705A-D3A3-4042-B2DF-8B332557C85C}.Release|Any CPU.ActiveCfg = Release|Any CPU
		{8774705A-D3A3-4042-B2DF-8B332557C85C}.Release|Any CPU.Build.0 = Release|Any CPU
		{5F48D82F-8A2C-494D-90B9-A6D20DB355E7}.Debug|Any CPU.ActiveCfg = Debug|Any CPU
		{5F48D82F-8A2C-494D-90B9-A6D20DB355E7}.Debug|Any CPU.Build.0 = Debug|Any CPU
		{5F48D82F-8A2C-494D-90B9-A6D20DB355E7}.Release|Any CPU.ActiveCfg = Release|Any CPU
		{5F48D82F-8A2C-494D-90B9-A6D20DB355E7}.Release|Any CPU.Build.0 = Release|Any CPU
		{8E71D9A4-83E7-48D0-B2BC-61DB49ED9798}.Debug|Any CPU.ActiveCfg = Debug|Any CPU
		{8E71D9A4-83E7-48D0-B2BC-61DB49ED9798}.Debug|Any CPU.Build.0 = Debug|Any CPU
		{8E71D9A4-83E7-48D0-B2BC-61DB49ED9798}.Release|Any CPU.ActiveCfg = Release|Any CPU
		{8E71D9A4-83E7-48D0-B2BC-61DB49ED9798}.Release|Any CPU.Build.0 = Release|Any CPU
		{90AE3199-B9A4-405F-A0EF-C5358D1D82C8}.Debug|Any CPU.ActiveCfg = Debug|Any CPU
		{90AE3199-B9A4-405F-A0EF-C5358D1D82C8}.Debug|Any CPU.Build.0 = Debug|Any CPU
		{90AE3199-B9A4-405F-A0EF-C5358D1D82C8}.Release|Any CPU.ActiveCfg = Release|Any CPU
		{90AE3199-B9A4-405F-A0EF-C5358D1D82C8}.Release|Any CPU.Build.0 = Release|Any CPU
		{6F20256F-CFAD-4760-9FA8-E5ECC5286BEA}.Debug|Any CPU.ActiveCfg = Debug|Any CPU
		{6F20256F-CFAD-4760-9FA8-E5ECC5286BEA}.Debug|Any CPU.Build.0 = Debug|Any CPU
		{6F20256F-CFAD-4760-9FA8-E5ECC5286BEA}.Release|Any CPU.ActiveCfg = Release|Any CPU
		{6F20256F-CFAD-4760-9FA8-E5ECC5286BEA}.Release|Any CPU.Build.0 = Release|Any CPU
	EndGlobalSection
	GlobalSection(SolutionProperties) = preSolution
		HideSolutionNode = FALSE
	EndGlobalSection
	GlobalSection(ExtensibilityGlobals) = postSolution
		SolutionGuid = {BCE59516-0C9B-417A-89EA-C1627DEFC4D5}
	EndGlobalSection
EndGlobal
